
Microsoft Visual Studio Solution File, Format Version 12.00
# Visual Studio 2013
VisualStudioVersion = 12.0.30501.0
MinimumVisualStudioVersion = 10.0.40219.1
Project("{8BC9CEB8-8B4A-11D0-8D11-00A0C91BC942}") = "PageRank", "PageRank\PageRank.vcxproj", "{CCFF33F4-9B67-40EE-A1FC-3E580A250926}"
EndProject
Project("{8BC9CEB8-8B4A-11D0-8D11-00A0C91BC942}") = "Ch1_Reverse_Complement", "Ch1_Reverse_Ccomplement\Ch1_Reverse_Ccomplement.vcxproj", "{E04AF166-93F4-4533-B7B5-4970B58DF4F2}"
EndProject
Project("{8BC9CEB8-8B4A-11D0-8D11-00A0C91BC942}") = "Ch1_Pattern_Count", "Ch1_Pattern_Count\Ch1_Pattern_Count.vcxproj", "{32CBFCBD-FF1B-40E6-A2D5-7FF9C30983A6}"
EndProject
Project("{8BC9CEB8-8B4A-11D0-8D11-00A0C91BC942}") = "Ch1_Genome_Position", "Ch1_Genome_Position\Ch1_Genome_Position.vcxproj", "{27BA58D3-7A67-4456-AAB3-D12D2DF06886}"
EndProject
Project("{8BC9CEB8-8B4A-11D0-8D11-00A0C91BC942}") = "Ch1_ClumpFinidng", "Ch1_ClumpFinidng\Ch1_ClumpFinidng.vcxproj", "{35358580-6019-479C-95FA-23F69BAF3B70}"
EndProject
Project("{8BC9CEB8-8B4A-11D0-8D11-00A0C91BC942}") = "Week5_Clustering", "Week5_Clustering\Week5_Clustering.vcxproj", "{37E73030-1025-485E-B80A-47B016480A01}"
EndProject
Project("{8BC9CEB8-8B4A-11D0-8D11-00A0C91BC942}") = "Ch2_FrequentWord", "Ch2_FrequentWord\Ch2_FrequentWord.vcxproj", "{7F713369-EFE2-4F4A-9E2D-E224B19D20F3}"
EndProject
Global
	GlobalSection(SolutionConfigurationPlatforms) = preSolution
		Debug|Win32 = Debug|Win32
		Release|Win32 = Release|Win32
	EndGlobalSection
	GlobalSection(ProjectConfigurationPlatforms) = postSolution
		{CCFF33F4-9B67-40EE-A1FC-3E580A250926}.Debug|Win32.ActiveCfg = Debug|Win32
		{CCFF33F4-9B67-40EE-A1FC-3E580A250926}.Debug|Win32.Build.0 = Debug|Win32
		{CCFF33F4-9B67-40EE-A1FC-3E580A250926}.Release|Win32.ActiveCfg = Release|Win32
		{CCFF33F4-9B67-40EE-A1FC-3E580A250926}.Release|Win32.Build.0 = Release|Win32
		{E04AF166-93F4-4533-B7B5-4970B58DF4F2}.Debug|Win32.ActiveCfg = Debug|Win32
		{E04AF166-93F4-4533-B7B5-4970B58DF4F2}.Debug|Win32.Build.0 = Debug|Win32
		{E04AF166-93F4-4533-B7B5-4970B58DF4F2}.Release|Win32.ActiveCfg = Release|Win32
		{E04AF166-93F4-4533-B7B5-4970B58DF4F2}.Release|Win32.Build.0 = Release|Win32
		{32CBFCBD-FF1B-40E6-A2D5-7FF9C30983A6}.Debug|Win32.ActiveCfg = Debug|Win32
		{32CBFCBD-FF1B-40E6-A2D5-7FF9C30983A6}.Debug|Win32.Build.0 = Debug|Win32
		{32CBFCBD-FF1B-40E6-A2D5-7FF9C30983A6}.Release|Win32.ActiveCfg = Release|Win32
		{32CBFCBD-FF1B-40E6-A2D5-7FF9C30983A6}.Release|Win32.Build.0 = Release|Win32
		{27BA58D3-7A67-4456-AAB3-D12D2DF06886}.Debug|Win32.ActiveCfg = Debug|Win32
		{27BA58D3-7A67-4456-AAB3-D12D2DF06886}.Debug|Win32.Build.0 = Debug|Win32
		{27BA58D3-7A67-4456-AAB3-D12D2DF06886}.Release|Win32.ActiveCfg = Release|Win32
		{27BA58D3-7A67-4456-AAB3-D12D2DF06886}.Release|Win32.Build.0 = Release|Win32
		{35358580-6019-479C-95FA-23F69BAF3B70}.Debug|Win32.ActiveCfg = Debug|Win32
		{35358580-6019-479C-95FA-23F69BAF3B70}.Debug|Win32.Build.0 = Debug|Win32
		{35358580-6019-479C-95FA-23F69BAF3B70}.Release|Win32.ActiveCfg = Release|Win32
		{35358580-6019-479C-95FA-23F69BAF3B70}.Release|Win32.Build.0 = Release|Win32
		{37E73030-1025-485E-B80A-47B016480A01}.Debug|Win32.ActiveCfg = Debug|Win32
		{37E73030-1025-485E-B80A-47B016480A01}.Debug|Win32.Build.0 = Debug|Win32
		{37E73030-1025-485E-B80A-47B016480A01}.Release|Win32.ActiveCfg = Release|Win32
		{37E73030-1025-485E-B80A-47B016480A01}.Release|Win32.Build.0 = Release|Win32
		{7F713369-EFE2-4F4A-9E2D-E224B19D20F3}.Debug|Win32.ActiveCfg = Debug|Win32
		{7F713369-EFE2-4F4A-9E2D-E224B19D20F3}.Debug|Win32.Build.0 = Debug|Win32
		{7F713369-EFE2-4F4A-9E2D-E224B19D20F3}.Release|Win32.ActiveCfg = Release|Win32
		{7F713369-EFE2-4F4A-9E2D-E224B19D20F3}.Release|Win32.Build.0 = Release|Win32
	EndGlobalSection
	GlobalSection(SolutionProperties) = preSolution
		HideSolutionNode = FALSE
	EndGlobalSection
EndGlobal
